lockfileVersion: '6.0'

devDependencies:
  '@vercel/build-utils':
    specifier: ^6.7.2
    version: 6.7.2
  '@vercel/python':
    specifier: ^3.1.60
    version: 3.1.60

packages:

  /@vercel/build-utils@6.7.2:
    resolution: {integrity: sha512-STSWs66rxX5pVKkhsYNeLx/Vlxjwe+dhy6PfXgBEJua7FXbWDjXjUyjzEyk63yUWysUflEBtLW9ckS/2V0QCZw==}
    dev: true

  /@vercel/python@3.1.60:
    resolution: {integrity: sha512-1aYinyTfejS8Us+sOum+RQPYcre0vF3XoL7ohL170ZCcHA0l35qV0b1slGAmLt3pqaHKYy3g/nkzUhuR8XXIrQ==}
    dev: true
